Microsoft Visual Studio Solution File, Format Version 12.00
# Visual Studio Version 17
VisualStudioVersion = 17.5.2.0
MinimumVisualStudioVersion = 10.0.40219.1
Project("{FAE04EC0-301F-11D3-BF4B-00C04F79EFBC}") = "CursedCardsBackend", "CursedCardsBackend\CursedCardsBackend.csproj", "{D166710E-7CF3-1958-639D-A4E24448F14E}"
EndProject
Global
	GlobalSection(SolutionConfigurationPlatforms) = preSolution
		Debug|Any CPU = Debug|Any CPU
		Release|Any CPU = Release|Any CPU
	EndGlobalSection
	GlobalSection(ProjectConfigurationPlatforms) = postSolution
		{D166710E-7CF3-1958-639D-A4E24448F14E}.Debug|Any CPU.ActiveCfg = Debug|Any CPU
		{D166710E-7CF3-1958-639D-A4E24448F14E}.Debug|Any CPU.Build.0 = Debug|Any CPU
		{D166710E-7CF3-1958-639D-A4E24448F14E}.Release|Any CPU.ActiveCfg = Release|Any CPU
		{D166710E-7CF3-1958-639D-A4E24448F14E}.Release|Any CPU.Build.0 = Release|Any CPU
	EndGlobalSection
	GlobalSection(SolutionProperties) = preSolution
		HideSolutionNode = FALSE
	EndGlobalSection
	GlobalSection(ExtensibilityGlobals) = postSolution
		SolutionGuid = {6B133F13-B781-4A56-BCF2-CB2DE8CB8376}
	EndGlobalSection
EndGlobal
